
Microsoft Visual Studio Solution File, Format Version 12.00
# Visual Studio Version 17
VisualStudioVersion = 17.3.32929.385
MinimumVisualStudioVersion = 10.0.40219.1
Project("{FAE04EC0-301F-11D3-BF4B-00C04F79EFBC}") = "Soroush_Sarram_WebServer2_Midtrem", "Soroush_Sarram_WebServer2_Midtrem\Soroush_Sarram_WebServer2_Midtrem.csproj", "{3CF178B1-30C2-49AE-8105-8C1F5051FCCF}"
EndProject
Global
	GlobalSection(SolutionConfigurationPlatforms) = preSolution
		Debug|Any CPU = Debug|Any CPU
		Release|Any CPU = Release|Any CPU
	EndGlobalSection
	GlobalSection(ProjectConfigurationPlatforms) = postSolution
		{3CF178B1-30C2-49AE-8105-8C1F5051FCCF}.Debug|Any CPU.ActiveCfg = Debug|Any CPU
		{3CF178B1-30C2-49AE-8105-8C1F5051FCCF}.Debug|Any CPU.Build.0 = Debug|Any CPU
		{3CF178B1-30C2-49AE-8105-8C1F5051FCCF}.Release|Any CPU.ActiveCfg = Release|Any CPU
		{3CF178B1-30C2-49AE-8105-8C1F5051FCCF}.Release|Any CPU.Build.0 = Release|Any CPU
	EndGlobalSection
	GlobalSection(SolutionProperties) = preSolution
		HideSolutionNode = FALSE
	EndGlobalSection
	GlobalSection(ExtensibilityGlobals) = postSolution
		SolutionGuid = {9D924EA5-4B13-4324-B5C6-5AABA67CE296}
	EndGlobalSection
EndGlobal
